
Microsoft Visual Studio Solution File, Format Version 12.00
# Visual Studio Version 16
VisualStudioVersion = 16.0.30011.22
MinimumVisualStudioVersion = 10.0.40219.1
Project("{8BC9CEB8-8B4A-11D0-8D11-00A0C91BC942}") = "Pipeline", "Pipeline\Pipeline.vcxproj", "{5E4833CB-8998-4B40-8CA7-F8BAEA398121}"
EndProject
Project("{8BC9CEB8-8B4A-11D0-8D11-00A0C91BC942}") = "TestEnvironment", "TestEnvironment\TestEnvironment.vcxproj", "{16D52352-A7F8-4461-8D0C-59B8EFFDF649}"
EndProject
Global
	GlobalSection(SolutionConfigurationPlatforms) = preSolution
		Debug|x64 = Debug|x64
		Debug|x86 = Debug|x86
		Release|x64 = Release|x64
		Release|x86 = Release|x86
	EndGlobalSection
	GlobalSection(ProjectConfigurationPlatforms) = postSolution
		{5E4833CB-8998-4B40-8CA7-F8BAEA398121}.Debug|x64.ActiveCfg = Debug|x64
		{5E4833CB-8998-4B40-8CA7-F8BAEA398121}.Debug|x64.Build.0 = Debug|x64
		{5E4833CB-8998-4B40-8CA7-F8BAEA398121}.Debug|x86.ActiveCfg = Debug|Win32
		{5E4833CB-8998-4B40-8CA7-F8BAEA398121}.Debug|x86.Build.0 = Debug|Win32
		{5E4833CB-8998-4B40-8CA7-F8BAEA398121}.Release|x64.ActiveCfg = Release|x64
		{5E4833CB-8998-4B40-8CA7-F8BAEA398121}.Release|x64.Build.0 = Release|x64
		{5E4833CB-8998-4B40-8CA7-F8BAEA398121}.Release|x86.ActiveCfg = Release|Win32
		{5E4833CB-8998-4B40-8CA7-F8BAEA398121}.Release|x86.Build.0 = Release|Win32
		{16D52352-A7F8-4461-8D0C-59B8EFFDF649}.Debug|x64.ActiveCfg = Debug|x64
		{16D52352-A7F8-4461-8D0C-59B8EFFDF649}.Debug|x64.Build.0 = Debug|x64
		{16D52352-A7F8-4461-8D0C-59B8EFFDF649}.Debug|x86.ActiveCfg = Debug|Win32
		{16D52352-A7F8-4461-8D0C-59B8EFFDF649}.Debug|x86.Build.0 = Debug|Win32
		{16D52352-A7F8-4461-8D0C-59B8EFFDF649}.Release|x64.ActiveCfg = Release|x64
		{16D52352-A7F8-4461-8D0C-59B8EFFDF649}.Release|x64.Build.0 = Release|x64
		{16D52352-A7F8-4461-8D0C-59B8EFFDF649}.Release|x86.ActiveCfg = Release|Win32
		{16D52352-A7F8-4461-8D0C-59B8EFFDF649}.Release|x86.Build.0 = Release|Win32
	EndGlobalSection
	GlobalSection(SolutionProperties) = preSolution
		HideSolutionNode = FALSE
	EndGlobalSection
	GlobalSection(ExtensibilityGlobals) = postSolution
		SolutionGuid = {BF07196C-D988-4ADF-A16B-83C0940445EF}
	EndGlobalSection
EndGlobal
