<?xml version="1.0" encoding="utf-8"?>
<Project ToolsVersion="4.0" xmlns="http://schemas.microsoft.com/developer/msbuild/2003">
  <ItemGroup>
    <Filter Include="Исходные файлы">
      <UniqueIdentifier>{4FC737F1-C7A5-4376-A066-2A32D752A2FF}</UniqueIdentifier>
      <Extensions>cpp;c;cc;cxx;c++;def;odl;idl;hpj;bat;asm;asmx</Extensions>
    </Filter>
    <Filter Include="Файлы заголовков">
      <UniqueIdentifier>{93995380-89BD-4b04-88EB-625FBE52EBFB}</UniqueIdentifier>
      <Extensions>h;hh;hpp;hxx;h++;hm;inl;inc;ipp;xsd</Extensions>
    </Filter>
    <Filter Include="Файлы ресурсов">
      <UniqueIdentifier>{67DA6AB6-F800-4c08-8B7A-83BB121AAD01}</UniqueIdentifier>
      <Extensions>rc;ico;cur;bmp;dlg;rc2;rct;bin;rgs;gif;jpg;jpeg;jpe;resx;tiff;tif;png;wav;mfcribbon-ms</Extensions>
    </Filter>
    <Filter Include="TestEnvironment">
      <UniqueIdentifier>{dabb77a4-4b65-4147-99b6-6682962e7c3d}</UniqueIdentifier>
    </Filter>
    <Filter Include="TestEnvironment\Headers">
      <UniqueIdentifier>{8716fb21-8bb7-4551-bde3-704f243be3ca}</UniqueIdentifier>
    </Filter>
    <Filter Include="TestEnvironment\Sources">
      <UniqueIdentifier>{e10f76f4-0cbd-490b-9c1e-0ea53cc8549f}</UniqueIdentifier>
    </Filter>
    <Filter Include="DataStructures">
      <UniqueIdentifier>{17d20f2f-e658-4881-9bd4-e455c73a41df}</UniqueIdentifier>
    </Filter>
    <Filter Include="DataStructures\Headers">
      <UniqueIdentifier>{674cd655-072b-47ef-a91e-dfe6159550d4}</UniqueIdentifier>
    </Filter>
    <Filter Include="DataStructures\Sources">
      <UniqueIdentifier>{66b09625-9ecf-4026-a989-5ef01d323e52}</UniqueIdentifier>
    </Filter>
  </ItemGroup>
  <ItemGroup>
    <ClCompile Include="main.c">
      <Filter>Исходные файлы</Filter>
    </ClCompile>
    <ClCompile Include="Test.c">
      <Filter>Исходные файлы</Filter>
    </ClCompile>
    <ClCompile Include="TestPack.c">
      <Filter>TestEnvironment\Sources</Filter>
    </ClCompile>
    <ClCompile Include="Node.c">
      <Filter>DataStructures\Sources</Filter>
    </ClCompile>
    <ClCompile Include="Queue.c">
      <Filter>DataStructures\Sources</Filter>
    </ClCompile>
  </ItemGroup>
  <ItemGroup>
    <ClInclude Include="Test.h">
      <Filter>Файлы заголовков</Filter>
    </ClInclude>
    <ClInclude Include="TestPack.h">
      <Filter>TestEnvironment\Headers</Filter>
    </ClInclude>
    <ClInclude Include="Assertions.h">
      <Filter>TestEnvironment\Headers</Filter>
    </ClInclude>
    <ClInclude Include="Node.h">
      <Filter>DataStructures\Headers</Filter>
    </ClInclude>
    <ClInclude Include="Queue.h">
      <Filter>DataStructures\Headers</Filter>
    </ClInclude>
  </ItemGroup>
</Project>